{
  "nodes": {
    "flake-utils": {
      "locked": {
        "lastModified": 1678901627,
        "narHash": "sha256-U02riOqrKKzwjsxc/400XnElV+UtPUQWpANPlyazjH0=",
        "owner": "numtide",
        "repo": "flake-utils",
        "rev": "93a2b84fc4b70d9e089d029deacc3583435c2ed6",
        "type": "github"
      },
      "original": {
        "owner": "numtide",
        "repo": "flake-utils",
        "type": "github"
      }
    },
    "flake-utils_2": {
      "locked": {
        "lastModified": 1652776076,
        "narHash": "sha256-gzTw/v1vj4dOVbpBSJX4J0DwUR6LIyXo7/SuuTJp1kM=",
        "owner": "numtide",
        "repo": "flake-utils",
        "rev": "04c1b180862888302ddfb2e3ad9eaa63afc60cf8",
        "type": "github"
      },
      "original": {
        "owner": "numtide",
        "ref": "v1.0.0",
        "repo": "flake-utils",
        "type": "github"
      }
    },
    "nix-cutefish": {
      "inputs": {
        "flake-utils": "flake-utils",
        "nixpkgs": [
          "nixpkgs"
        ]
      },
      "locked": {
        "lastModified": 1680480236,
        "narHash": "sha256-t1iYMC1KhqcCLigcfjtOQ71ZYh7Dorzl+jzFPwd0QBs=",
        "owner": "phossil",
        "repo": "nix-cutefish",
        "rev": "1504b1d862bd5709c3e6581f674a791443424ff6",
        "type": "github"
      },
      "original": {
        "owner": "phossil",
        "repo": "nix-cutefish",
        "type": "github"
      }
    },
    "nix-software-center": {
      "inputs": {
        "nixpkgs": "nixpkgs",
        "utils": "utils"
      },
      "locked": {
        "lastModified": 1680477702,
        "narHash": "sha256-1KUe0zlXCeBpqTDHPWBBMjkGnRLthJEpQc+82Q7Pp1w=",
        "owner": "vlinkz",
        "repo": "nix-software-center",
        "rev": "8c66618ebb85263e58c4b1b5e46bc954d55a418b",
        "type": "github"
      },
      "original": {
        "owner": "vlinkz",
        "repo": "nix-software-center",
        "type": "github"
      }
    },
    "nixflake-misc": {
      "inputs": {
        "flake-utils": "flake-utils_2",
        "nixpkgs": "nixpkgs_2"
      },
      "locked": {
        "lastModified": 1680507027,
        "narHash": "sha256-w4OyDnhKMYRvkpeIeXfEUAgmiicCxdZdTD16Wl16CPo=",
        "owner": "phossil",
        "repo": "nixflake-misc",
        "rev": "c9a659d6f85be410fa53074a3fda128c8b87387f",
        "type": "github"
      },
      "original": {
        "owner": "phossil",
        "repo": "nixflake-misc",
        "type": "github"
      }
    },
    "nixlib": {
      "locked": {
        "lastModified": 1679187309,
        "narHash": "sha256-H8udmkg5wppL11d/05MMzOMryiYvc403axjDNZy1/TQ=",
        "owner": "nix-community",
        "repo": "nixpkgs.lib",
        "rev": "44214417fe4595438b31bdb9469be92536a61455",
        "type": "github"
      },
      "original": {
        "owner": "nix-community",
        "repo": "nixpkgs.lib",
        "type": "github"
      }
    },
    "nixos-generators": {
      "inputs": {
        "nixlib": "nixlib",
        "nixpkgs": [
          "nixpkgs"
        ]
      },
      "locked": {
        "lastModified": 1679464055,
        "narHash": "sha256-RiZpwkbm1GeKRqrTtGGsEDieJyplMSRG1bQzOZgY378=",
        "owner": "nix-community",
        "repo": "nixos-generators",
        "rev": "d5cd198c80ee62a801a078ad991c99c0175971cf",
        "type": "github"
      },
      "original": {
        "owner": "nix-community",
        "repo": "nixos-generators",
        "type": "github"
      }
    },
    "nixpkgs": {
      "locked": {
        "lastModified": 1680213900,
        "narHash": "sha256-cIDr5WZIj3EkKyCgj/6j3HBH4Jj1W296z7HTcWj1aMA=",
        "owner": "NixOS",
        "repo": "nixpkgs",
        "rev": "e3652e0735fbec227f342712f180f4f21f0594f2",
        "type": "github"
      },
      "original": {
        "owner": "NixOS",
        "ref": "nixos-unstable",
        "repo": "nixpkgs",
        "type": "github"
      }
    },
    "nixpkgs-lomiri": {
      "locked": {
        "lastModified": 1680732138,
        "narHash": "sha256-NEh3AV6Ieg7WrFU+Bq1w1qfY044S8g64Pu2FcNP/4NQ=",
        "owner": "OPNA2608",
        "repo": "nixpkgs",
        "rev": "2c4d728519cfa3631890f5de6fc3d0c601baec5f",
        "type": "github"
      },
      "original": {
        "owner": "OPNA2608",
        "ref": "init/lomiri-junk",
        "repo": "nixpkgs",
        "type": "github"
      }
    },
    "nixpkgs-unstable": {
      "locked": {
        "lastModified": 1680668850,
        "narHash": "sha256-mQMg13yRsS0LXVzaeoSPwqgPO6yhkGzGewPgMSqXSv8=",
        "owner": "NixOS",
        "repo": "nixpkgs",
        "rev": "4a65e9f64e53fdca6eed31adba836717a11247d2",
        "type": "github"
      },
      "original": {
        "owner": "NixOS",
        "ref": "nixpkgs-unstable",
        "repo": "nixpkgs",
        "type": "github"
      }
    },
    "nixpkgs_2": {
      "locked": {
        "lastModified": 1680213900,
        "narHash": "sha256-cIDr5WZIj3EkKyCgj/6j3HBH4Jj1W296z7HTcWj1aMA=",
        "owner": "NixOS",
        "repo": "nixpkgs",
        "rev": "e3652e0735fbec227f342712f180f4f21f0594f2",
        "type": "github"
      },
      "original": {
        "owner": "NixOS",
        "ref": "nixos-unstable",
        "repo": "nixpkgs",
        "type": "github"
      }
    },
    "nixpkgs_3": {
      "locked": {
        "lastModified": 1680665430,
        "narHash": "sha256-MTVhTukwza1Jlq2gECITZPFnhROmylP2uv3O3cSqQCE=",
        "owner": "NixOS",
        "repo": "nixpkgs",
        "rev": "5233fd2ba76a3accb5aaa999c00509a11fd0793c",
        "type": "github"
      },
      "original": {
        "owner": "NixOS",
        "ref": "nixos-22.11",
        "repo": "nixpkgs",
        "type": "github"
      }
    },
    "root": {
      "inputs": {
        "nix-cutefish": "nix-cutefish",
        "nix-software-center": "nix-software-center",
        "nixflake-misc": "nixflake-misc",
        "nixos-generators": "nixos-generators",
        "nixpkgs": "nixpkgs_3",
        "nixpkgs-lomiri": "nixpkgs-lomiri",
        "nixpkgs-unstable": "nixpkgs-unstable"
      }
    },
    "utils": {
      "locked": {
        "lastModified": 1678901627,
        "narHash": "sha256-U02riOqrKKzwjsxc/400XnElV+UtPUQWpANPlyazjH0=",
        "owner": "numtide",
        "repo": "flake-utils",
        "rev": "93a2b84fc4b70d9e089d029deacc3583435c2ed6",
        "type": "github"
      },
      "original": {
        "owner": "numtide",
        "repo": "flake-utils",
        "type": "github"
      }
    }
  },
  "root": "root",
  "version": 7
}
